{
  "name": "strapi-skate",
  "version": "1.0.0",
  "lockfileVersion": 2,
  "requires": true,
  "packages": {
    "": {
      "name": "strapi-skate",
      "version": "1.0.0",
      "license": "ISC",
      "workspaces": [
        "frontend/*",
        "backend/*"
      ],
      "dependencies": {
        "turbo": "^1.8.2"
      }
    },
    "node_modules/turbo": {
      "version": "1.8.2",
      "resolved": "https://registry.npmjs.org/turbo/-/turbo-1.8.2.tgz",
      "integrity": "sha512-G/uJx6bZK5RwTWHsRN/MP0MvXFznmCaL3MQXdSf+OG/q0o8GE7+yivyyWEplWI1Asc8AEN909A/wlIkoz2FKTg==",
      "hasInstallScript": true,
      "bin": {
        "turbo": "bin/turbo"
      },
      "optionalDependencies": {
        "turbo-darwin-64": "1.8.2",
        "turbo-darwin-arm64": "1.8.2",
        "turbo-linux-64": "1.8.2",
        "turbo-linux-arm64": "1.8.2",
        "turbo-windows-64": "1.8.2",
        "turbo-windows-arm64": "1.8.2"
      }
    },
    "node_modules/turbo-darwin-64": {
      "version": "1.8.2",
      "resolved": "https://registry.npmjs.org/turbo-darwin-64/-/turbo-darwin-64-1.8.2.tgz",
      "integrity": "sha512-j77U0uOeppENexFsIvvzExADSqMBEeCHnm+6LSNQfaajHSrbUVSTsuD6ZMYHamT6bslc+ZZm21jdecWkwZFBbw==",
      "cpu": [
        "x64"
      ],
      "optional": true,
      "os": [
        "darwin"
      ]
    },
    "node_modules/turbo-darwin-arm64": {
      "version": "1.8.2",
      "resolved": "https://registry.npmjs.org/turbo-darwin-arm64/-/turbo-darwin-arm64-1.8.2.tgz",
      "integrity": "sha512-1NoAvjlwt2wycsAFJouauy9epn9DptSMy6BoGqxJVc4jiibsLepp9qYc4f1/ln0zjd3FR1IvhGOiBfdpqMN7hg==",
      "cpu": [
        "arm64"
      ],
      "optional": true,
      "os": [
        "darwin"
      ]
    },
    "node_modules/turbo-linux-64": {
      "version": "1.8.2",
      "resolved": "https://registry.npmjs.org/turbo-linux-64/-/turbo-linux-64-1.8.2.tgz",
      "integrity": "sha512-TcT3CRYnBYA46kLGGbGC2jDyCEAvMgVpUdpIZGTmod48EKpZaEfVgTkpa4GJde8W68yRFogPZjPVL3yJHFpXSA==",
      "cpu": [
        "x64"
      ],
      "optional": true,
      "os": [
        "linux"
      ]
    },
    "node_modules/turbo-linux-arm64": {
      "version": "1.8.2",
      "resolved": "https://registry.npmjs.org/turbo-linux-arm64/-/turbo-linux-arm64-1.8.2.tgz",
      "integrity": "sha512-Mb9+KBy4YJzPMZ6WGoMzMVZ6EtueCSvOvgmNpVFgkwbtabfBuaBOvN+irtg4RRSWvJQTDTziLABieocEEXZImQ==",
      "cpu": [
        "arm64"
      ],
      "optional": true,
      "os": [
        "linux"
      ]
    },
    "node_modules/turbo-windows-64": {
      "version": "1.8.2",
      "resolved": "https://registry.npmjs.org/turbo-windows-64/-/turbo-windows-64-1.8.2.tgz",
      "integrity": "sha512-/+R5ikRrw2w2w38JtNPubGLIQHgUC70m783DI9aPgaM5c8P5D/Y0k6HgjuC/uXgiaz2h3R7p7YWlr+2/E0bqyA==",
      "cpu": [
        "x64"
      ],
      "optional": true,
      "os": [
        "win32"
      ]
    },
    "node_modules/turbo-windows-arm64": {
      "version": "1.8.2",
      "resolved": "https://registry.npmjs.org/turbo-windows-arm64/-/turbo-windows-arm64-1.8.2.tgz",
      "integrity": "sha512-s07viz5nXSx4kyiksuPM4FGLRkoaGMaw0BpwFjdRQsl1p+WclUN1IPdokVPKOmFpu5pNCVYlG/raP/mXAEzDCg==",
      "cpu": [
        "arm64"
      ],
      "optional": true,
      "os": [
        "win32"
      ]
    }
  },
  "dependencies": {
    "turbo": {
      "version": "1.8.2",
      "resolved": "https://registry.npmjs.org/turbo/-/turbo-1.8.2.tgz",
      "integrity": "sha512-G/uJx6bZK5RwTWHsRN/MP0MvXFznmCaL3MQXdSf+OG/q0o8GE7+yivyyWEplWI1Asc8AEN909A/wlIkoz2FKTg==",
      "requires": {
        "turbo-darwin-64": "1.8.2",
        "turbo-darwin-arm64": "1.8.2",
        "turbo-linux-64": "1.8.2",
        "turbo-linux-arm64": "1.8.2",
        "turbo-windows-64": "1.8.2",
        "turbo-windows-arm64": "1.8.2"
      }
    },
    "turbo-darwin-64": {
      "version": "1.8.2",
      "resolved": "https://registry.npmjs.org/turbo-darwin-64/-/turbo-darwin-64-1.8.2.tgz",
      "integrity": "sha512-j77U0uOeppENexFsIvvzExADSqMBEeCHnm+6LSNQfaajHSrbUVSTsuD6ZMYHamT6bslc+ZZm21jdecWkwZFBbw==",
      "optional": true
    },
    "turbo-darwin-arm64": {
      "version": "1.8.2",
      "resolved": "https://registry.npmjs.org/turbo-darwin-arm64/-/turbo-darwin-arm64-1.8.2.tgz",
      "integrity": "sha512-1NoAvjlwt2wycsAFJouauy9epn9DptSMy6BoGqxJVc4jiibsLepp9qYc4f1/ln0zjd3FR1IvhGOiBfdpqMN7hg==",
      "optional": true
    },
    "turbo-linux-64": {
      "version": "1.8.2",
      "resolved": "https://registry.npmjs.org/turbo-linux-64/-/turbo-linux-64-1.8.2.tgz",
      "integrity": "sha512-TcT3CRYnBYA46kLGGbGC2jDyCEAvMgVpUdpIZGTmod48EKpZaEfVgTkpa4GJde8W68yRFogPZjPVL3yJHFpXSA==",
      "optional": true
    },
    "turbo-linux-arm64": {
      "version": "1.8.2",
      "resolved": "https://registry.npmjs.org/turbo-linux-arm64/-/turbo-linux-arm64-1.8.2.tgz",
      "integrity": "sha512-Mb9+KBy4YJzPMZ6WGoMzMVZ6EtueCSvOvgmNpVFgkwbtabfBuaBOvN+irtg4RRSWvJQTDTziLABieocEEXZImQ==",
      "optional": true
    },
    "turbo-windows-64": {
      "version": "1.8.2",
      "resolved": "https://registry.npmjs.org/turbo-windows-64/-/turbo-windows-64-1.8.2.tgz",
      "integrity": "sha512-/+R5ikRrw2w2w38JtNPubGLIQHgUC70m783DI9aPgaM5c8P5D/Y0k6HgjuC/uXgiaz2h3R7p7YWlr+2/E0bqyA==",
      "optional": true
    },
    "turbo-windows-arm64": {
      "version": "1.8.2",
      "resolved": "https://registry.npmjs.org/turbo-windows-arm64/-/turbo-windows-arm64-1.8.2.tgz",
      "integrity": "sha512-s07viz5nXSx4kyiksuPM4FGLRkoaGMaw0BpwFjdRQsl1p+WclUN1IPdokVPKOmFpu5pNCVYlG/raP/mXAEzDCg==",
      "optional": true
    }
  }
}
